// !$*UTF8*$!
{
	archiveVersion = 1;
	classes = {
	};
	objectVersion = 46;
	objects = {

/* Begin PBXBuildFile section */
		1F13A991359EC048DF423EF6 /* Pods_FoodPin.framework in Frameworks */ = {isa = PBXBuildFile; fileRef = 7F5B942FB904E1C7C86CFF1A /* Pods_FoodPin.framework */; };
		D002CCE01D01F27400934347 /* About.storyboard in Resources */ = {isa = PBXBuildFile; fileRef = D002CCDE1D01F27400934347 /* About.storyboard */; };
		D002CCE21D01F2A100934347 /* Discover.storyboard in Resources */ = {isa = PBXBuildFile; fileRef = D002CCE11D01F2A100934347 /* Discover.storyboard */; };
		D01E89E71CE9C1230060A7EF /* RestaurantDetailViewController.swift in Sources */ = {isa = PBXBuildFile; fileRef = D01E89E61CE9C1230060A7EF /* RestaurantDetailViewController.swift */; };
		D01E89E91CE9CF7F0060A7EF /* Restaurant.swift in Sources */ = {isa = PBXBuildFile; fileRef = D01E89E81CE9CF7F0060A7EF /* Restaurant.swift */; };
		D032D6751CFE5FA400FEA4CD /* WalkthroughContentViewController.swift in Sources */ = {isa = PBXBuildFile; fileRef = D032D6741CFE5FA400FEA4CD /* WalkthroughContentViewController.swift */; };
		D032D6771CFE623200FEA4CD /* WalkthroughPageViewController.swift in Sources */ = {isa = PBXBuildFile; fileRef = D032D6761CFE623200FEA4CD /* WalkthroughPageViewController.swift */; };
		D04D9DC11CEE676C00B0139B /* ReviewViewController.swift in Sources */ = {isa = PBXBuildFile; fileRef = D04D9DC01CEE676C00B0139B /* ReviewViewController.swift */; };
		D04FECFE1CFAB5A500E6D39A /* FoodPin.xcdatamodeld in Sources */ = {isa = PBXBuildFile; fileRef = D04FECFC1CFAB5A500E6D39A /* FoodPin.xcdatamodeld */; };
		D0BEE6A31CEB090F00BAAC75 /* RestaurantDetailTableViewCell.swift in Sources */ = {isa = PBXBuildFile; fileRef = D0BEE6A21CEB090F00BAAC75 /* RestaurantDetailTableViewCell.swift */; };
		D0CBC0BC1CF0C627006FCEF6 /* MapKit.framework in Frameworks */ = {isa = PBXBuildFile; fileRef = D0CBC0BB1CF0C627006FCEF6 /* MapKit.framework */; };
		D0CBC0BE1CF0E79E006FCEF6 /* MapViewController.swift in Sources */ = {isa = PBXBuildFile; fileRef = D0CBC0BD1CF0E79E006FCEF6 /* MapViewController.swift */; };
		D0CBC0C01CF10301006FCEF6 /* AddRestaurantController.swift in Sources */ = {isa = PBXBuildFile; fileRef = D0CBC0BF1CF10301006FCEF6 /* AddRestaurantController.swift */; };
		D0D994FC1CE485800069EB16 /* AppDelegate.swift in Sources */ = {isa = PBXBuildFile; fileRef = D0D994FB1CE485800069EB16 /* AppDelegate.swift */; };
		D0D995011CE485800069EB16 /* Main.storyboard in Resources */ = {isa = PBXBuildFile; fileRef = D0D994FF1CE485800069EB16 /* Main.storyboard */; };
		D0D995031CE485800069EB16 /* Assets.xcassets in Resources */ = {isa = PBXBuildFile; fileRef = D0D995021CE485800069EB16 /* Assets.xcassets */; };
		D0D995061CE485800069EB16 /* LaunchScreen.storyboard in Resources */ = {isa = PBXBuildFile; fileRef = D0D995041CE485800069EB16 /* LaunchScreen.storyboard */; };
		D0D9950E1CE486B20069EB16 /* RestaurantTableViewController.swift in Sources */ = {isa = PBXBuildFile; fileRef = D0D9950D1CE486B20069EB16 /* RestaurantTableViewController.swift */; };
		D0D995101CE4880E0069EB16 /* RestaurantTableViewCell.swift in Sources */ = {isa = PBXBuildFile; fileRef = D0D9950F1CE4880E0069EB16 /* RestaurantTableViewCell.swift */; };
/* End PBXBuildFile section */

/* Begin PBXFileReference section */
		7F5B942FB904E1C7C86CFF1A /* Pods_FoodPin.framework */ = {isa = PBXFileReference; explicitFileType = wrapper.framework; includeInIndex = 0; path = Pods_FoodPin.framework; sourceTree = BUILT_PRODUCTS_DIR; };
		C4A3D5EEFF494ECFC4CF1391 /* Pods-FoodPin.release.xcconfig */ = {isa = PBXFileReference; includeInIndex = 1; lastKnownFileType = text.xcconfig; name = "Pods-FoodPin.release.xcconfig"; path = "Pods/Target Support Files/Pods-FoodPin/Pods-FoodPin.release.xcconfig"; sourceTree = "<group>"; };
		CB2C206C1A1424D6136E1A18 /* Pods-FoodPin.debug.xcconfig */ = {isa = PBXFileReference; includeInIndex = 1; lastKnownFileType = text.xcconfig; name = "Pods-FoodPin.debug.xcconfig"; path = "Pods/Target Support Files/Pods-FoodPin/Pods-FoodPin.debug.xcconfig"; sourceTree = "<group>"; };
		D002CCDF1D01F27400934347 /* Base */ = {isa = PBXFileReference; lastKnownFileType = file.storyboard; name = Base; path = Base.lproj/About.storyboard; sourceTree = "<group>"; };
		D002CCE11D01F2A100934347 /* Discover.storyboard */ = {isa = PBXFileReference; fileEncoding = 4; lastKnownFileType = file.storyboard; path = Discover.storyboard; sourceTree = "<group>"; };
		D01E89E61CE9C1230060A7EF /* RestaurantDetailViewController.swift */ = {isa = PBXFileReference; fileEncoding = 4; lastKnownFileType = sourcecode.swift; path = RestaurantDetailViewController.swift; sourceTree = "<group>"; };
		D01E89E81CE9CF7F0060A7EF /* Restaurant.swift */ = {isa = PBXFileReference; fileEncoding = 4; lastKnownFileType = sourcecode.swift; path = Restaurant.swift; sourceTree = "<group>"; };
		D032D6741CFE5FA400FEA4CD /* WalkthroughContentViewController.swift */ = {isa = PBXFileReference; fileEncoding = 4; lastKnownFileType = sourcecode.swift; path = WalkthroughContentViewController.swift; sourceTree = "<group>"; };
		D032D6761CFE623200FEA4CD /* WalkthroughPageViewController.swift */ = {isa = PBXFileReference; fileEncoding = 4; lastKnownFileType = sourcecode.swift; path = WalkthroughPageViewController.swift; sourceTree = "<group>"; };
		D04D9DC01CEE676C00B0139B /* ReviewViewController.swift */ = {isa = PBXFileReference; fileEncoding = 4; lastKnownFileType = sourcecode.swift; path = ReviewViewController.swift; sourceTree = "<group>"; };
		D04FECFD1CFAB5A500E6D39A /* FoodPin.xcdatamodel */ = {isa = PBXFileReference; lastKnownFileType = wrapper.xcdatamodel; path = FoodPin.xcdatamodel; sourceTree = "<group>"; };
		D0BEE6A21CEB090F00BAAC75 /* RestaurantDetailTableViewCell.swift */ = {isa = PBXFileReference; fileEncoding = 4; lastKnownFileType = sourcecode.swift; path = RestaurantDetailTableViewCell.swift; sourceTree = "<group>"; };
		D0CBC0BB1CF0C627006FCEF6 /* MapKit.framework */ = {isa = PBXFileReference; lastKnownFileType = wrapper.framework; name = MapKit.framework; path = System/Library/Frameworks/MapKit.framework; sourceTree = SDKROOT; };
		D0CBC0BD1CF0E79E006FCEF6 /* MapViewController.swift */ = {isa = PBXFileReference; fileEncoding = 4; lastKnownFileType = sourcecode.swift; path = MapViewController.swift; sourceTree = "<group>"; };
		D0CBC0BF1CF10301006FCEF6 /* AddRestaurantController.swift */ = {isa = PBXFileReference; fileEncoding = 4; lastKnownFileType = sourcecode.swift; path = AddRestaurantController.swift; sourceTree = "<group>"; };
		D0D994F81CE485800069EB16 /* FoodPin.app */ = {isa = PBXFileReference; explicitFileType = wrapper.application; includeInIndex = 0; path = FoodPin.app; sourceTree = BUILT_PRODUCTS_DIR; };
		D0D994FB1CE485800069EB16 /* AppDelegate.swift */ = {isa = PBXFileReference; lastKnownFileType = sourcecode.swift; path = AppDelegate.swift; sourceTree = "<group>"; };
		D0D995001CE485800069EB16 /* Base */ = {isa = PBXFileReference; lastKnownFileType = file.storyboard; name = Base; path = Base.lproj/Main.storyboard; sourceTree = "<group>"; };
		D0D995021CE485800069EB16 /* Assets.xcassets */ = {isa = PBXFileReference; lastKnownFileType = folder.assetcatalog; path = Assets.xcassets; sourceTree = "<group>"; };
		D0D995051CE485800069EB16 /* Base */ = {isa = PBXFileReference; lastKnownFileType = file.storyboard; name = Base; path = Base.lproj/LaunchScreen.storyboard; sourceTree = "<group>"; };
		D0D995071CE485800069EB16 /* Info.plist */ = {isa = PBXFileReference; lastKnownFileType = text.plist.xml; path = Info.plist; sourceTree = "<group>"; };
		D0D9950D1CE486B20069EB16 /* RestaurantTableViewController.swift */ = {isa = PBXFileReference; fileEncoding = 4; lastKnownFileType = sourcecode.swift; path = RestaurantTableViewController.swift; sourceTree = "<group>"; };
		D0D9950F1CE4880E0069EB16 /* RestaurantTableViewCell.swift */ = {isa = PBXFileReference; fileEncoding = 4; lastKnownFileType = sourcecode.swift; path = RestaurantTableViewCell.swift; sourceTree = "<group>"; };
/* End PBXFileReference section */

/* Begin PBXFrameworksBuildPhase section */
		D0D994F51CE485800069EB16 /* Frameworks */ = {
			isa = PBXFrameworksBuildPhase;
			buildActionMask = 2147483647;
			files = (
				D0CBC0BC1CF0C627006FCEF6 /* MapKit.framework in Frameworks */,
				1F13A991359EC048DF423EF6 /* Pods_FoodPin.framework in Frameworks */,
			);
			runOnlyForDeploymentPostprocessing = 0;
		};
/* End PBXFrameworksBuildPhase section */

/* Begin PBXGroup section */
		04978C1BCC423B60EAD32E3A /* Pods */ = {
			isa = PBXGroup;
			children = (
				CB2C206C1A1424D6136E1A18 /* Pods-FoodPin.debug.xcconfig */,
				C4A3D5EEFF494ECFC4CF1391 /* Pods-FoodPin.release.xcconfig */,
			);
			name = Pods;
			sourceTree = "<group>";
		};
		4A9321B2DEA39F96EC5A7039 /* Frameworks */ = {
			isa = PBXGroup;
			children = (
				D0CBC0BB1CF0C627006FCEF6 /* MapKit.framework */,
				7F5B942FB904E1C7C86CFF1A /* Pods_FoodPin.framework */,
			);
			name = Frameworks;
			sourceTree = "<group>";
		};
		D0CBC0B81CF0B70C006FCEF6 /* Controllers */ = {
			isa = PBXGroup;
			children = (
				D032D6761CFE623200FEA4CD /* WalkthroughPageViewController.swift */,
				D0D9950D1CE486B20069EB16 /* RestaurantTableViewController.swift */,
				D01E89E61CE9C1230060A7EF /* RestaurantDetailViewController.swift */,
				D04D9DC01CEE676C00B0139B /* ReviewViewController.swift */,
				D0CBC0BD1CF0E79E006FCEF6 /* MapViewController.swift */,
				D0CBC0BF1CF10301006FCEF6 /* AddRestaurantController.swift */,
				D032D6741CFE5FA400FEA4CD /* WalkthroughContentViewController.swift */,
			);
			name = Controllers;
			sourceTree = "<group>";
		};
		D0CBC0B91CF0B71E006FCEF6 /* Cell */ = {
			isa = PBXGroup;
			children = (
				D0D9950F1CE4880E0069EB16 /* RestaurantTableViewCell.swift */,
				D0BEE6A21CEB090F00BAAC75 /* RestaurantDetailTableViewCell.swift */,
			);
			name = Cell;
			sourceTree = "<group>";
		};
		D0CBC0BA1CF0B730006FCEF6 /* Model */ = {
			isa = PBXGroup;
			children = (
				D01E89E81CE9CF7F0060A7EF /* Restaurant.swift */,
			);
			name = Model;
			sourceTree = "<group>";
		};
		D0D994EF1CE485800069EB16 = {
			isa = PBXGroup;
			children = (
				D04FECFC1CFAB5A500E6D39A /* FoodPin.xcdatamodeld */,
				D0D994FA1CE485800069EB16 /* FoodPin */,
				D0D994F91CE485800069EB16 /* Products */,
				04978C1BCC423B60EAD32E3A /* Pods */,
				4A9321B2DEA39F96EC5A7039 /* Frameworks */,
			);
			sourceTree = "<group>";
		};
		D0D994F91CE485800069EB16 /* Products */ = {
			isa = PBXGroup;
			children = (
				D0D994F81CE485800069EB16 /* FoodPin.app */,
			);
			name = Products;
			sourceTree = "<group>";
		};
		D0D994FA1CE485800069EB16 /* FoodPin */ = {
			isa = PBXGroup;
			children = (
				D0D994FB1CE485800069EB16 /* AppDelegate.swift */,
				D0D994FF1CE485800069EB16 /* Main.storyboard */,
				D002CCE11D01F2A100934347 /* Discover.storyboard */,
				D002CCDE1D01F27400934347 /* About.storyboard */,
				D0CBC0B81CF0B70C006FCEF6 /* Controllers */,
				D0CBC0BA1CF0B730006FCEF6 /* Model */,
				D0CBC0B91CF0B71E006FCEF6 /* Cell */,
				D0D995021CE485800069EB16 /* Assets.xcassets */,
				D0D995041CE485800069EB16 /* LaunchScreen.storyboard */,
				D0D995071CE485800069EB16 /* Info.plist */,
			);
			path = FoodPin;
			sourceTree = "<group>";
		};
/* End PBXGroup section */

/* Begin PBXNativeTarget section */
		D0D994F71CE485800069EB16 /* FoodPin */ = {
			isa = PBXNativeTarget;
			buildConfigurationList = D0D9950A1CE485800069EB16 /* Build configuration list for PBXNativeTarget "FoodPin" */;
			buildPhases = (
				69C0CE67669603F70F34BEA5 /* 📦 Check Pods Manifest.lock */,
				D0D994F41CE485800069EB16 /* Sources */,
				D0D994F51CE485800069EB16 /* Frameworks */,
				D0D994F61CE485800069EB16 /* Resources */,
				1BE9A16B156B4E7614D991E0 /* 📦 Embed Pods Frameworks */,
				4AB25B1D7FF6305FAAC7F10C /* 📦 Copy Pods Resources */,
			);
			buildRules = (
			);
			dependencies = (
			);
			name = FoodPin;
			productName = FoodPin;
			productReference = D0D994F81CE485800069EB16 /* FoodPin.app */;
			productType = "com.apple.product-type.application";
		};
/* End PBXNativeTarget section */

/* Begin PBXProject section */
		D0D994F01CE485800069EB16 /* Project object */ = {
			isa = PBXProject;
			attributes = {
				LastSwiftUpdateCheck = 0730;
				LastUpgradeCheck = 0730;
				ORGANIZATIONNAME = "Leonardo Lobato";
				TargetAttributes = {
					D0D994F71CE485800069EB16 = {
						CreatedOnToolsVersion = 7.3.1;
						SystemCapabilities = {
							com.apple.Maps.iOS = {
								enabled = 1;
							};
						};
					};
				};
			};
			buildConfigurationList = D0D994F31CE485800069EB16 /* Build configuration list for PBXProject "FoodPin" */;
			compatibilityVersion = "Xcode 3.2";
			developmentRegion = English;
			hasScannedForEncodings = 0;
			knownRegions = (
				en,
				Base,
			);
			mainGroup = D0D994EF1CE485800069EB16;
			productRefGroup = D0D994F91CE485800069EB16 /* Products */;
			projectDirPath = "";
			projectRoot = "";
			targets = (
				D0D994F71CE485800069EB16 /* FoodPin */,
			);
		};
/* End PBXProject section */

/* Begin PBXResourcesBuildPhase section */
		D0D994F61CE485800069EB16 /* Resources */ = {
			isa = PBXResourcesBuildPhase;
			buildActionMask = 2147483647;
			files = (
				D0D995061CE485800069EB16 /* LaunchScreen.storyboard in Resources */,
				D0D995031CE485800069EB16 /* Assets.xcassets in Resources */,
				D002CCE21D01F2A100934347 /* Discover.storyboard in Resources */,
				D002CCE01D01F27400934347 /* About.storyboard in Resources */,
				D0D995011CE485800069EB16 /* Main.storyboard in Resources */,
			);
			runOnlyForDeploymentPostprocessing = 0;
		};
/* End PBXResourcesBuildPhase section */

/* Begin PBXShellScriptBuildPhase section */
		1BE9A16B156B4E7614D991E0 /* 📦 Embed Pods Frameworks */ = {
			isa = PBXShellScriptBuildPhase;
			buildActionMask = 2147483647;
			files = (
			);
			inputPaths = (
			);
			name = "📦 Embed Pods Frameworks";
			outputPaths = (
			);
			runOnlyForDeploymentPostprocessing = 0;
			shellPath = /bin/sh;
			shellScript = "\"${SRCROOT}/Pods/Target Support Files/Pods-FoodPin/Pods-FoodPin-frameworks.sh\"\n";
			showEnvVarsInLog = 0;
		};
		4AB25B1D7FF6305FAAC7F10C /* 📦 Copy Pods Resources */ = {
			isa = PBXShellScriptBuildPhase;
			buildActionMask = 2147483647;
			files = (
			);
			inputPaths = (
			);
			name = "📦 Copy Pods Resources";
			outputPaths = (
			);
			runOnlyForDeploymentPostprocessing = 0;
			shellPath = /bin/sh;
			shellScript = "\"${SRCROOT}/Pods/Target Support Files/Pods-FoodPin/Pods-FoodPin-resources.sh\"\n";
			showEnvVarsInLog = 0;
		};
		69C0CE67669603F70F34BEA5 /* 📦 Check Pods Manifest.lock */ = {
			isa = PBXShellScriptBuildPhase;
			buildActionMask = 2147483647;
			files = (
			);
			inputPaths = (
			);
			name = "📦 Check Pods Manifest.lock";
			outputPaths = (
			);
			runOnlyForDeploymentPostprocessing = 0;
			shellPath = /bin/sh;
			shellScript = "diff \"${PODS_ROOT}/../Podfile.lock\" \"${PODS_ROOT}/Manifest.lock\" > /dev/null\nif [[ $? != 0 ]] ; then\n    cat << EOM\nerror: The sandbox is not in sync with the Podfile.lock. Run 'pod install' or update your CocoaPods installation.\nEOM\n    exit 1\nfi\n";
			showEnvVarsInLog = 0;
		};
/* End PBXShellScriptBuildPhase section */

/* Begin PBXSourcesBuildPhase section */
		D0D994F41CE485800069EB16 /* Sources */ = {
			isa = PBXSourcesBuildPhase;
			buildActionMask = 2147483647;
			files = (
				D0CBC0C01CF10301006FCEF6 /* AddRestaurantController.swift in Sources */,
				D01E89E91CE9CF7F0060A7EF /* Restaurant.swift in Sources */,
				D0D9950E1CE486B20069EB16 /* RestaurantTableViewController.swift in Sources */,
				D04D9DC11CEE676C00B0139B /* ReviewViewController.swift in Sources */,
				D0D995101CE4880E0069EB16 /* RestaurantTableViewCell.swift in Sources */,
				D032D6751CFE5FA400FEA4CD /* WalkthroughContentViewController.swift in Sources */,
				D032D6771CFE623200FEA4CD /* WalkthroughPageViewController.swift in Sources */,
				D0BEE6A31CEB090F00BAAC75 /* RestaurantDetailTableViewCell.swift in Sources */,
				D01E89E71CE9C1230060A7EF /* RestaurantDetailViewController.swift in Sources */,
				D04FECFE1CFAB5A500E6D39A /* FoodPin.xcdatamodeld in Sources */,
				D0D994FC1CE485800069EB16 /* AppDelegate.swift in Sources */,
				D0CBC0BE1CF0E79E006FCEF6 /* MapViewController.swift in Sources */,
			);
			runOnlyForDeploymentPostprocessing = 0;
		};
/* End PBXSourcesBuildPhase section */

/* Begin PBXVariantGroup section */
		D002CCDE1D01F27400934347 /* About.storyboard */ = {
			isa = PBXVariantGroup;
			children = (
				D002CCDF1D01F27400934347 /* Base */,
			);
			name = About.storyboard;
			sourceTree = "<group>";
		};
		D0D994FF1CE485800069EB16 /* Main.storyboard */ = {
			isa = PBXVariantGroup;
			children = (
				D0D995001CE485800069EB16 /* Base */,
			);
			name = Main.storyboard;
			sourceTree = "<group>";
		};
		D0D995041CE485800069EB16 /* LaunchScreen.storyboard */ = {
			isa = PBXVariantGroup;
			children = (
				D0D995051CE485800069EB16 /* Base */,
			);
			name = LaunchScreen.storyboard;
			sourceTree = "<group>";
		};
/* End PBXVariantGroup section */

/* Begin XCBuildConfiguration section */
		D0D995081CE485800069EB16 /* Debug */ = {
			isa = XCBuildConfiguration;
			buildSettings = {
				ALWAYS_SEARCH_USER_PATHS = NO;
				CLANG_ANALYZER_NONNULL = YES;
				CLANG_CXX_LANGUAGE_STANDARD = "gnu++0x";
				CLANG_CXX_LIBRARY = "libc++";
				CLANG_ENABLE_MODULES = YES;
				CLANG_ENABLE_OBJC_ARC = YES;
				CLANG_WARN_BOOL_CONVERSION = YES;
				CLANG_WARN_CONSTANT_CONVERSION = YES;
				CLANG_WARN_DIRECT_OBJC_ISA_USAGE = YES_ERROR;
				CLANG_WARN_EMPTY_BODY = YES;
				CLANG_WARN_ENUM_CONVERSION = YES;
				CLANG_WARN_INT_CONVERSION = YES;
				CLANG_WARN_OBJC_ROOT_CLASS = YES_ERROR;
				CLANG_WARN_UNREACHABLE_CODE = YES;
				CLANG_WARN__DUPLICATE_METHOD_MATCH = YES;
				"CODE_SIGN_IDENTITY[sdk=iphoneos*]" = "iPhone Developer";
				COPY_PHASE_STRIP = NO;
				DEBUG_INFORMATION_FORMAT = dwarf;
				ENABLE_STRICT_OBJC_MSGSEND = YES;
				ENABLE_TESTABILITY = YES;
				GCC_C_LANGUAGE_STANDARD = gnu99;
				GCC_DYNAMIC_NO_PIC = NO;
				GCC_NO_COMMON_BLOCKS = YES;
				GCC_OPTIMIZATION_LEVEL = 0;
				GCC_PREPROCESSOR_DEFINITIONS = (
					"DEBUG=1",
					"$(inherited)",
				);
				GCC_WARN_64_TO_32_BIT_CONVERSION = YES;
				GCC_WARN_ABOUT_RETURN_TYPE = YES_ERROR;
				GCC_WARN_UNDECLARED_SELECTOR = YES;
				GCC_WARN_UNINITIALIZED_AUTOS = YES_AGGRESSIVE;
				GCC_WARN_UNUSED_FUNCTION = YES;
				GCC_WARN_UNUSED_VARIABLE = YES;
				IPHONEOS_DEPLOYMENT_TARGET = 9.3;
				MTL_ENABLE_DEBUG_INFO = YES;
				ONLY_ACTIVE_ARCH = YES;
				SDKROOT = iphoneos;
				SWIFT_OPTIMIZATION_LEVEL = "-Onone";
			};
			name = Debug;
		};
		D0D995091CE485800069EB16 /* Release */ = {
			isa = XCBuildConfiguration;
			buildSettings = {
				ALWAYS_SEARCH_USER_PATHS = NO;
				CLANG_ANALYZER_NONNULL = YES;
				CLANG_CXX_LANGUAGE_STANDARD = "gnu++0x";
				CLANG_CXX_LIBRARY = "libc++";
				CLANG_ENABLE_MODULES = YES;
				CLANG_ENABLE_OBJC_ARC = YES;
				CLANG_WARN_BOOL_CONVERSION = YES;
				CLANG_WARN_CONSTANT_CONVERSION = YES;
				CLANG_WARN_DIRECT_OBJC_ISA_USAGE = YES_ERROR;
				CLANG_WARN_EMPTY_BODY = YES;
				CLANG_WARN_ENUM_CONVERSION = YES;
				CLANG_WARN_INT_CONVERSION = YES;
				CLANG_WARN_OBJC_ROOT_CLASS = YES_ERROR;
				CLANG_WARN_UNREACHABLE_CODE = YES;
				CLANG_WARN__DUPLICATE_METHOD_MATCH = YES;
				"CODE_SIGN_IDENTITY[sdk=iphoneos*]" = "iPhone Developer";
				COPY_PHASE_STRIP = NO;
				DEBUG_INFORMATION_FORMAT = "dwarf-with-dsym";
				ENABLE_NS_ASSERTIONS = NO;
				ENABLE_STRICT_OBJC_MSGSEND = YES;
				GCC_C_LANGUAGE_STANDARD = gnu99;
				GCC_NO_COMMON_BLOCKS = YES;
				GCC_WARN_64_TO_32_BIT_CONVERSION = YES;
				GCC_WARN_ABOUT_RETURN_TYPE = YES_ERROR;
				GCC_WARN_UNDECLARED_SELECTOR = YES;
				GCC_WARN_UNINITIALIZED_AUTOS = YES_AGGRESSIVE;
				GCC_WARN_UNUSED_FUNCTION = YES;
				GCC_WARN_UNUSED_VARIABLE = YES;
				IPHONEOS_DEPLOYMENT_TARGET = 9.3;
				MTL_ENABLE_DEBUG_INFO = NO;
				SDKROOT = iphoneos;
				VALIDATE_PRODUCT = YES;
			};
			name = Release;
		};
		D0D9950B1CE485800069EB16 /* Debug */ = {
			isa = XCBuildConfiguration;
			baseConfigurationReference = CB2C206C1A1424D6136E1A18 /* Pods-FoodPin.debug.xcconfig */;
			buildSettings = {
				ASSETCATALOG_COMPILER_APPICON_NAME = AppIcon;
				INFOPLIST_FILE = FoodPin/Info.plist;
				IPHONEOS_DEPLOYMENT_TARGET = 9.3;
				LD_RUNPATH_SEARCH_PATHS = "$(inherited) @executable_path/Frameworks";
				PRODUCT_BUNDLE_IDENTIFIER = com.leonardollobato.FoodPin;
				PRODUCT_NAME = "$(TARGET_NAME)";
			};
			name = Debug;
		};
		D0D9950C1CE485800069EB16 /* Release */ = {
			isa = XCBuildConfiguration;
			baseConfigurationReference = C4A3D5EEFF494ECFC4CF1391 /* Pods-FoodPin.release.xcconfig */;
			buildSettings = {
				ASSETCATALOG_COMPILER_APPICON_NAME = AppIcon;
				INFOPLIST_FILE = FoodPin/Info.plist;
				IPHONEOS_DEPLOYMENT_TARGET = 9.3;
				LD_RUNPATH_SEARCH_PATHS = "$(inherited) @executable_path/Frameworks";
				PRODUCT_BUNDLE_IDENTIFIER = com.leonardollobato.FoodPin;
				PRODUCT_NAME = "$(TARGET_NAME)";
			};
			name = Release;
		};
/* End XCBuildConfiguration section */

/* Begin XCConfigurationList section */
		D0D994F31CE485800069EB16 /* Build configuration list for PBXProject "FoodPin" */ = {
			isa = XCConfigurationList;
			buildConfigurations = (
				D0D995081CE485800069EB16 /* Debug */,
				D0D995091CE485800069EB16 /* Release */,
			);
			defaultConfigurationIsVisible = 0;
			defaultConfigurationName = Release;
		};
		D0D9950A1CE485800069EB16 /* Build configuration list for PBXNativeTarget "FoodPin" */ = {
			isa = XCConfigurationList;
			buildConfigurations = (
				D0D9950B1CE485800069EB16 /* Debug */,
				D0D9950C1CE485800069EB16 /* Release */,
			);
			defaultConfigurationIsVisible = 0;
			defaultConfigurationName = Release;
		};
/* End XCConfigurationList section */

/* Begin XCVersionGroup section */
		D04FECFC1CFAB5A500E6D39A /* FoodPin.xcdatamodeld */ = {
			isa = XCVersionGroup;
			children = (
				D04FECFD1CFAB5A500E6D39A /* FoodPin.xcdatamodel */,
			);
			currentVersion = D04FECFD1CFAB5A500E6D39A /* FoodPin.xcdatamodel */;
			path = FoodPin.xcdatamodeld;
			sourceTree = "<group>";
			versionGroupType = wrapper.xcdatamodel;
		};
/* End XCVersionGroup section */
	};
	rootObject = D0D994F01CE485800069EB16 /* Project object */;
}
