// !$*UTF8*$!
{
	archiveVersion = 1;
	classes = {
	};
	objectVersion = 46;
	objects = {

/* Begin PBXBuildFile section */
		D01E89E71CE9C1230060A7EF /* RestaurantDetailViewController.swift in Sources */ = {isa = PBXBuildFile; fileRef = D01E89E61CE9C1230060A7EF /* RestaurantDetailViewController.swift */; };
		D01E89E91CE9CF7F0060A7EF /* Restaurant.swift in Sources */ = {isa = PBXBuildFile; fileRef = D01E89E81CE9CF7F0060A7EF /* Restaurant.swift */; };
		D0D994FC1CE485800069EB16 /* AppDelegate.swift in Sources */ = {isa = PBXBuildFile; fileRef = D0D994FB1CE485800069EB16 /* AppDelegate.swift */; };
		D0D995011CE485800069EB16 /* Main.storyboard in Resources */ = {isa = PBXBuildFile; fileRef = D0D994FF1CE485800069EB16 /* Main.storyboard */; };
		D0D995031CE485800069EB16 /* Assets.xcassets in Resources */ = {isa = PBXBuildFile; fileRef = D0D995021CE485800069EB16 /* Assets.xcassets */; };
		D0D995061CE485800069EB16 /* LaunchScreen.storyboard in Resources */ = {isa = PBXBuildFile; fileRef = D0D995041CE485800069EB16 /* LaunchScreen.storyboard */; };
		D0D9950E1CE486B20069EB16 /* RestaurantTableViewController.swift in Sources */ = {isa = PBXBuildFile; fileRef = D0D9950D1CE486B20069EB16 /* RestaurantTableViewController.swift */; };
		D0D995101CE4880E0069EB16 /* RestaurantTableViewCell.swift in Sources */ = {isa = PBXBuildFile; fileRef = D0D9950F1CE4880E0069EB16 /* RestaurantTableViewCell.swift */; };
/* End PBXBuildFile section */

/* Begin PBXFileReference section */
		D01E89E61CE9C1230060A7EF /* RestaurantDetailViewController.swift */ = {isa = PBXFileReference; fileEncoding = 4; lastKnownFileType = sourcecode.swift; path = RestaurantDetailViewController.swift; sourceTree = "<group>"; };
		D01E89E81CE9CF7F0060A7EF /* Restaurant.swift */ = {isa = PBXFileReference; fileEncoding = 4; lastKnownFileType = sourcecode.swift; path = Restaurant.swift; sourceTree = "<group>"; };
		D0D994F81CE485800069EB16 /* FoodPin.app */ = {isa = PBXFileReference; explicitFileType = wrapper.application; includeInIndex = 0; path = FoodPin.app; sourceTree = BUILT_PRODUCTS_DIR; };
		D0D994FB1CE485800069EB16 /* AppDelegate.swift */ = {isa = PBXFileReference; lastKnownFileType = sourcecode.swift; path = AppDelegate.swift; sourceTree = "<group>"; };
		D0D995001CE485800069EB16 /* Base */ = {isa = PBXFileReference; lastKnownFileType = file.storyboard; name = Base; path = Base.lproj/Main.storyboard; sourceTree = "<group>"; };
		D0D995021CE485800069EB16 /* Assets.xcassets */ = {isa = PBXFileReference; lastKnownFileType = folder.assetcatalog; path = Assets.xcassets; sourceTree = "<group>"; };
		D0D995051CE485800069EB16 /* Base */ = {isa = PBXFileReference; lastKnownFileType = file.storyboard; name = Base; path = Base.lproj/LaunchScreen.storyboard; sourceTree = "<group>"; };
		D0D995071CE485800069EB16 /* Info.plist */ = {isa = PBXFileReference; lastKnownFileType = text.plist.xml; path = Info.plist; sourceTree = "<group>"; };
		D0D9950D1CE486B20069EB16 /* RestaurantTableViewController.swift */ = {isa = PBXFileReference; fileEncoding = 4; lastKnownFileType = sourcecode.swift; path = RestaurantTableViewController.swift; sourceTree = "<group>"; };
		D0D9950F1CE4880E0069EB16 /* RestaurantTableViewCell.swift */ = {isa = PBXFileReference; fileEncoding = 4; lastKnownFileType = sourcecode.swift; path = RestaurantTableViewCell.swift; sourceTree = "<group>"; };
/* End PBXFileReference section */

/* Begin PBXFrameworksBuildPhase section */
		D0D994F51CE485800069EB16 /* Frameworks */ = {
			isa = PBXFrameworksBuildPhase;
			buildActionMask = 2147483647;
			files = (
			);
			runOnlyForDeploymentPostprocessing = 0;
		};
/* End PBXFrameworksBuildPhase section */

/* Begin PBXGroup section */
		D0D994EF1CE485800069EB16 = {
			isa = PBXGroup;
			children = (
				D0D994FA1CE485800069EB16 /* FoodPin */,
				D0D994F91CE485800069EB16 /* Products */,
			);
			sourceTree = "<group>";
		};
		D0D994F91CE485800069EB16 /* Products */ = {
			isa = PBXGroup;
			children = (
				D0D994F81CE485800069EB16 /* FoodPin.app */,
			);
			name = Products;
			sourceTree = "<group>";
		};
		D0D994FA1CE485800069EB16 /* FoodPin */ = {
			isa = PBXGroup;
			children = (
				D0D994FB1CE485800069EB16 /* AppDelegate.swift */,
				D0D994FF1CE485800069EB16 /* Main.storyboard */,
				D0D9950D1CE486B20069EB16 /* RestaurantTableViewController.swift */,
				D01E89E61CE9C1230060A7EF /* RestaurantDetailViewController.swift */,
				D0D9950F1CE4880E0069EB16 /* RestaurantTableViewCell.swift */,
				D0D995021CE485800069EB16 /* Assets.xcassets */,
				D0D995041CE485800069EB16 /* LaunchScreen.storyboard */,
				D0D995071CE485800069EB16 /* Info.plist */,
				D01E89E81CE9CF7F0060A7EF /* Restaurant.swift */,
			);
			path = FoodPin;
			sourceTree = "<group>";
		};
/* End PBXGroup section */

/* Begin PBXNativeTarget section */
		D0D994F71CE485800069EB16 /* FoodPin */ = {
			isa = PBXNativeTarget;
			buildConfigurationList = D0D9950A1CE485800069EB16 /* Build configuration list for PBXNativeTarget "FoodPin" */;
			buildPhases = (
				D0D994F41CE485800069EB16 /* Sources */,
				D0D994F51CE485800069EB16 /* Frameworks */,
				D0D994F61CE485800069EB16 /* Resources */,
			);
			buildRules = (
			);
			dependencies = (
			);
			name = FoodPin;
			productName = FoodPin;
			productReference = D0D994F81CE485800069EB16 /* FoodPin.app */;
			productType = "com.apple.product-type.application";
		};
/* End PBXNativeTarget section */

/* Begin PBXProject section */
		D0D994F01CE485800069EB16 /* Project object */ = {
			isa = PBXProject;
			attributes = {
				LastSwiftUpdateCheck = 0730;
				LastUpgradeCheck = 0730;
				ORGANIZATIONNAME = "Leonardo Lobato";
				TargetAttributes = {
					D0D994F71CE485800069EB16 = {
						CreatedOnToolsVersion = 7.3.1;
					};
				};
			};
			buildConfigurationList = D0D994F31CE485800069EB16 /* Build configuration list for PBXProject "FoodPin" */;
			compatibilityVersion = "Xcode 3.2";
			developmentRegion = English;
			hasScannedForEncodings = 0;
			knownRegions = (
				en,
				Base,
			);
			mainGroup = D0D994EF1CE485800069EB16;
			productRefGroup = D0D994F91CE485800069EB16 /* Products */;
			projectDirPath = "";
			projectRoot = "";
			targets = (
				D0D994F71CE485800069EB16 /* FoodPin */,
			);
		};
/* End PBXProject section */

/* Begin PBXResourcesBuildPhase section */
		D0D994F61CE485800069EB16 /* Resources */ = {
			isa = PBXResourcesBuildPhase;
			buildActionMask = 2147483647;
			files = (
				D0D995061CE485800069EB16 /* LaunchScreen.storyboard in Resources */,
				D0D995031CE485800069EB16 /* Assets.xcassets in Resources */,
				D0D995011CE485800069EB16 /* Main.storyboard in Resources */,
			);
			runOnlyForDeploymentPostprocessing = 0;
		};
/* End PBXResourcesBuildPhase section */

/* Begin PBXSourcesBuildPhase section */
		D0D994F41CE485800069EB16 /* Sources */ = {
			isa = PBXSourcesBuildPhase;
			buildActionMask = 2147483647;
			files = (
				D01E89E91CE9CF7F0060A7EF /* Restaurant.swift in Sources */,
				D0D9950E1CE486B20069EB16 /* RestaurantTableViewController.swift in Sources */,
				D0D995101CE4880E0069EB16 /* RestaurantTableViewCell.swift in Sources */,
				D01E89E71CE9C1230060A7EF /* RestaurantDetailViewController.swift in Sources */,
				D0D994FC1CE485800069EB16 /* AppDelegate.swift in Sources */,
			);
			runOnlyForDeploymentPostprocessing = 0;
		};
/* End PBXSourcesBuildPhase section */

/* Begin PBXVariantGroup section */
		D0D994FF1CE485800069EB16 /* Main.storyboard */ = {
			isa = PBXVariantGroup;
			children = (
				D0D995001CE485800069EB16 /* Base */,
			);
			name = Main.storyboard;
			sourceTree = "<group>";
		};
		D0D995041CE485800069EB16 /* LaunchScreen.storyboard */ = {
			isa = PBXVariantGroup;
			children = (
				D0D995051CE485800069EB16 /* Base */,
			);
			name = LaunchScreen.storyboard;
			sourceTree = "<group>";
		};
/* End PBXVariantGroup section */

/* Begin XCBuildConfiguration section */
		D0D995081CE485800069EB16 /* Debug */ = {
			isa = XCBuildConfiguration;
			buildSettings = {
				ALWAYS_SEARCH_USER_PATHS = NO;
				CLANG_ANALYZER_NONNULL = YES;
				CLANG_CXX_LANGUAGE_STANDARD = "gnu++0x";
				CLANG_CXX_LIBRARY = "libc++";
				CLANG_ENABLE_MODULES = YES;
				CLANG_ENABLE_OBJC_ARC = YES;
				CLANG_WARN_BOOL_CONVERSION = YES;
				CLANG_WARN_CONSTANT_CONVERSION = YES;
				CLANG_WARN_DIRECT_OBJC_ISA_USAGE = YES_ERROR;
				CLANG_WARN_EMPTY_BODY = YES;
				CLANG_WARN_ENUM_CONVERSION = YES;
				CLANG_WARN_INT_CONVERSION = YES;
				CLANG_WARN_OBJC_ROOT_CLASS = YES_ERROR;
				CLANG_WARN_UNREACHABLE_CODE = YES;
				CLANG_WARN__DUPLICATE_METHOD_MATCH = YES;
				"CODE_SIGN_IDENTITY[sdk=iphoneos*]" = "iPhone Developer";
				COPY_PHASE_STRIP = NO;
				DEBUG_INFORMATION_FORMAT = dwarf;
				ENABLE_STRICT_OBJC_MSGSEND = YES;
				ENABLE_TESTABILITY = YES;
				GCC_C_LANGUAGE_STANDARD = gnu99;
				GCC_DYNAMIC_NO_PIC = NO;
				GCC_NO_COMMON_BLOCKS = YES;
				GCC_OPTIMIZATION_LEVEL = 0;
				GCC_PREPROCESSOR_DEFINITIONS = (
					"DEBUG=1",
					"$(inherited)",
				);
				GCC_WARN_64_TO_32_BIT_CONVERSION = YES;
				GCC_WARN_ABOUT_RETURN_TYPE = YES_ERROR;
				GCC_WARN_UNDECLARED_SELECTOR = YES;
				GCC_WARN_UNINITIALIZED_AUTOS = YES_AGGRESSIVE;
				GCC_WARN_UNUSED_FUNCTION = YES;
				GCC_WARN_UNUSED_VARIABLE = YES;
				IPHONEOS_DEPLOYMENT_TARGET = 9.3;
				MTL_ENABLE_DEBUG_INFO = YES;
				ONLY_ACTIVE_ARCH = YES;
				SDKROOT = iphoneos;
				SWIFT_OPTIMIZATION_LEVEL = "-Onone";
			};
			name = Debug;
		};
		D0D995091CE485800069EB16 /* Release */ = {
			isa = XCBuildConfiguration;
			buildSettings = {
				ALWAYS_SEARCH_USER_PATHS = NO;
				CLANG_ANALYZER_NONNULL = YES;
				CLANG_CXX_LANGUAGE_STANDARD = "gnu++0x";
				CLANG_CXX_LIBRARY = "libc++";
				CLANG_ENABLE_MODULES = YES;
				CLANG_ENABLE_OBJC_ARC = YES;
				CLANG_WARN_BOOL_CONVERSION = YES;
				CLANG_WARN_CONSTANT_CONVERSION = YES;
				CLANG_WARN_DIRECT_OBJC_ISA_USAGE = YES_ERROR;
				CLANG_WARN_EMPTY_BODY = YES;
				CLANG_WARN_ENUM_CONVERSION = YES;
				CLANG_WARN_INT_CONVERSION = YES;
				CLANG_WARN_OBJC_ROOT_CLASS = YES_ERROR;
				CLANG_WARN_UNREACHABLE_CODE = YES;
				CLANG_WARN__DUPLICATE_METHOD_MATCH = YES;
				"CODE_SIGN_IDENTITY[sdk=iphoneos*]" = "iPhone Developer";
				COPY_PHASE_STRIP = NO;
				DEBUG_INFORMATION_FORMAT = "dwarf-with-dsym";
				ENABLE_NS_ASSERTIONS = NO;
				ENABLE_STRICT_OBJC_MSGSEND = YES;
				GCC_C_LANGUAGE_STANDARD = gnu99;
				GCC_NO_COMMON_BLOCKS = YES;
				GCC_WARN_64_TO_32_BIT_CONVERSION = YES;
				GCC_WARN_ABOUT_RETURN_TYPE = YES_ERROR;
				GCC_WARN_UNDECLARED_SELECTOR = YES;
				GCC_WARN_UNINITIALIZED_AUTOS = YES_AGGRESSIVE;
				GCC_WARN_UNUSED_FUNCTION = YES;
				GCC_WARN_UNUSED_VARIABLE = YES;
				IPHONEOS_DEPLOYMENT_TARGET = 9.3;
				MTL_ENABLE_DEBUG_INFO = NO;
				SDKROOT = iphoneos;
				VALIDATE_PRODUCT = YES;
			};
			name = Release;
		};
		D0D9950B1CE485800069EB16 /* Debug */ = {
			isa = XCBuildConfiguration;
			buildSettings = {
				ASSETCATALOG_COMPILER_APPICON_NAME = AppIcon;
				INFOPLIST_FILE = FoodPin/Info.plist;
				IPHONEOS_DEPLOYMENT_TARGET = 9.3;
				LD_RUNPATH_SEARCH_PATHS = "$(inherited) @executable_path/Frameworks";
				PRODUCT_BUNDLE_IDENTIFIER = com.leonardollobato.FoodPin;
				PRODUCT_NAME = "$(TARGET_NAME)";
			};
			name = Debug;
		};
		D0D9950C1CE485800069EB16 /* Release */ = {
			isa = XCBuildConfiguration;
			buildSettings = {
				ASSETCATALOG_COMPILER_APPICON_NAME = AppIcon;
				INFOPLIST_FILE = FoodPin/Info.plist;
				IPHONEOS_DEPLOYMENT_TARGET = 9.3;
				LD_RUNPATH_SEARCH_PATHS = "$(inherited) @executable_path/Frameworks";
				PRODUCT_BUNDLE_IDENTIFIER = com.leonardollobato.FoodPin;
				PRODUCT_NAME = "$(TARGET_NAME)";
			};
			name = Release;
		};
/* End XCBuildConfiguration section */

/* Begin XCConfigurationList section */
		D0D994F31CE485800069EB16 /* Build configuration list for PBXProject "FoodPin" */ = {
			isa = XCConfigurationList;
			buildConfigurations = (
				D0D995081CE485800069EB16 /* Debug */,
				D0D995091CE485800069EB16 /* Release */,
			);
			defaultConfigurationIsVisible = 0;
			defaultConfigurationName = Release;
		};
		D0D9950A1CE485800069EB16 /* Build configuration list for PBXNativeTarget "FoodPin" */ = {
			isa = XCConfigurationList;
			buildConfigurations = (
				D0D9950B1CE485800069EB16 /* Debug */,
				D0D9950C1CE485800069EB16 /* Release */,
			);
			defaultConfigurationIsVisible = 0;
			defaultConfigurationName = Release;
		};
/* End XCConfigurationList section */
	};
	rootObject = D0D994F01CE485800069EB16 /* Project object */;
}
